
Microsoft Visual Studio Solution File, Format Version 12.00
# Visual Studio Version 16
VisualStudioVersion = 16.0.29009.5
MinimumVisualStudioVersion = 10.0.40219.1
Project("{FAE04EC0-301F-11D3-BF4B-00C04F79EFBC}") = "mooooore strings and classes", "mooooore strings and classes.csproj", "{E08242C4-8F16-427A-9B63-3EF39206E428}"
EndProject
Global
	GlobalSection(SolutionConfigurationPlatforms) = preSolution
		Debug|Any CPU = Debug|Any CPU
		Release|Any CPU = Release|Any CPU
	EndGlobalSection
	GlobalSection(ProjectConfigurationPlatforms) = postSolution
		{E08242C4-8F16-427A-9B63-3EF39206E428}.Debug|Any CPU.ActiveCfg = Debug|Any CPU
		{E08242C4-8F16-427A-9B63-3EF39206E428}.Debug|Any CPU.Build.0 = Debug|Any CPU
		{E08242C4-8F16-427A-9B63-3EF39206E428}.Release|Any CPU.ActiveCfg = Release|Any CPU
		{E08242C4-8F16-427A-9B63-3EF39206E428}.Release|Any CPU.Build.0 = Release|Any CPU
	EndGlobalSection
	GlobalSection(SolutionProperties) = preSolution
		HideSolutionNode = FALSE
	EndGlobalSection
	GlobalSection(ExtensibilityGlobals) = postSolution
		SolutionGuid = {F0E3736E-8458-4B7A-9516-3E028DFCC906}
	EndGlobalSection
EndGlobal
