
Microsoft Visual Studio Solution File, Format Version 12.00
# Visual Studio Version 16
VisualStudioVersion = 16.0.29009.5
MinimumVisualStudioVersion = 10.0.40219.1
Project("{FAE04EC0-301F-11D3-BF4B-00C04F79EFBC}") = "String BUILDER", "String BUILDER.csproj", "{D77DE1CA-FC5D-4DB2-803E-3D734D7FFA0F}"
EndProject
Global
	GlobalSection(SolutionConfigurationPlatforms) = preSolution
		Debug|Any CPU = Debug|Any CPU
		Release|Any CPU = Release|Any CPU
	EndGlobalSection
	GlobalSection(ProjectConfigurationPlatforms) = postSolution
		{D77DE1CA-FC5D-4DB2-803E-3D734D7FFA0F}.Debug|Any CPU.ActiveCfg = Debug|Any CPU
		{D77DE1CA-FC5D-4DB2-803E-3D734D7FFA0F}.Debug|Any CPU.Build.0 = Debug|Any CPU
		{D77DE1CA-FC5D-4DB2-803E-3D734D7FFA0F}.Release|Any CPU.ActiveCfg = Release|Any CPU
		{D77DE1CA-FC5D-4DB2-803E-3D734D7FFA0F}.Release|Any CPU.Build.0 = Release|Any CPU
	EndGlobalSection
	GlobalSection(SolutionProperties) = preSolution
		HideSolutionNode = FALSE
	EndGlobalSection
	GlobalSection(ExtensibilityGlobals) = postSolution
		SolutionGuid = {04E9C91C-C165-4E41-BFAC-3E9C7CB084EE}
	EndGlobalSection
EndGlobal
