
Microsoft Visual Studio Solution File, Format Version 12.00
# Visual Studio Version 16
VisualStudioVersion = 16.0.29001.49
MinimumVisualStudioVersion = 10.0.40219.1
Project("{FAE04EC0-301F-11D3-BF4B-00C04F79EFBC}") = "SwitchCase", "SwitchCase.csproj", "{4C815534-FED2-4FF1-BFCE-5F80A3BD27B9}"
EndProject
Global
	GlobalSection(SolutionConfigurationPlatforms) = preSolution
		Debug|Any CPU = Debug|Any CPU
		Release|Any CPU = Release|Any CPU
	EndGlobalSection
	GlobalSection(ProjectConfigurationPlatforms) = postSolution
		{4C815534-FED2-4FF1-BFCE-5F80A3BD27B9}.Debug|Any CPU.ActiveCfg = Debug|Any CPU
		{4C815534-FED2-4FF1-BFCE-5F80A3BD27B9}.Debug|Any CPU.Build.0 = Debug|Any CPU
		{4C815534-FED2-4FF1-BFCE-5F80A3BD27B9}.Release|Any CPU.ActiveCfg = Release|Any CPU
		{4C815534-FED2-4FF1-BFCE-5F80A3BD27B9}.Release|Any CPU.Build.0 = Release|Any CPU
	EndGlobalSection
	GlobalSection(SolutionProperties) = preSolution
		HideSolutionNode = FALSE
	EndGlobalSection
	GlobalSection(ExtensibilityGlobals) = postSolution
		SolutionGuid = {CC38840B-B780-4B76-8E13-C22D39F83C22}
	EndGlobalSection
EndGlobal
