
Microsoft Visual Studio Solution File, Format Version 12.00
# Visual Studio Version 16
VisualStudioVersion = 16.0.29001.49
MinimumVisualStudioVersion = 10.0.40219.1
Project("{FAE04EC0-301F-11D3-BF4B-00C04F79EFBC}") = "loops - random pass", "loops - random pass.csproj", "{6ECFBB61-D48E-4270-9EFC-F9CBC1608ED0}"
EndProject
Global
	GlobalSection(SolutionConfigurationPlatforms) = preSolution
		Debug|Any CPU = Debug|Any CPU
		Release|Any CPU = Release|Any CPU
	EndGlobalSection
	GlobalSection(ProjectConfigurationPlatforms) = postSolution
		{6ECFBB61-D48E-4270-9EFC-F9CBC1608ED0}.Debug|Any CPU.ActiveCfg = Debug|Any CPU
		{6ECFBB61-D48E-4270-9EFC-F9CBC1608ED0}.Debug|Any CPU.Build.0 = Debug|Any CPU
		{6ECFBB61-D48E-4270-9EFC-F9CBC1608ED0}.Release|Any CPU.ActiveCfg = Release|Any CPU
		{6ECFBB61-D48E-4270-9EFC-F9CBC1608ED0}.Release|Any CPU.Build.0 = Release|Any CPU
	EndGlobalSection
	GlobalSection(SolutionProperties) = preSolution
		HideSolutionNode = FALSE
	EndGlobalSection
	GlobalSection(ExtensibilityGlobals) = postSolution
		SolutionGuid = {A36368A7-1102-4F88-AE51-35FCEB7450BA}
	EndGlobalSection
EndGlobal
