
Microsoft Visual Studio Solution File, Format Version 12.00
# Visual Studio Version 16
VisualStudioVersion = 16.0.29009.5
MinimumVisualStudioVersion = 10.0.40219.1
Project("{FAE04EC0-301F-11D3-BF4B-00C04F79EFBC}") = "fb likes count", "fb likes count.csproj", "{8ECCA255-6404-4C00-9714-90A5A2891F90}"
EndProject
Global
	GlobalSection(SolutionConfigurationPlatforms) = preSolution
		Debug|Any CPU = Debug|Any CPU
		Release|Any CPU = Release|Any CPU
	EndGlobalSection
	GlobalSection(ProjectConfigurationPlatforms) = postSolution
		{8ECCA255-6404-4C00-9714-90A5A2891F90}.Debug|Any CPU.ActiveCfg = Debug|Any CPU
		{8ECCA255-6404-4C00-9714-90A5A2891F90}.Debug|Any CPU.Build.0 = Debug|Any CPU
		{8ECCA255-6404-4C00-9714-90A5A2891F90}.Release|Any CPU.ActiveCfg = Release|Any CPU
		{8ECCA255-6404-4C00-9714-90A5A2891F90}.Release|Any CPU.Build.0 = Release|Any CPU
	EndGlobalSection
	GlobalSection(SolutionProperties) = preSolution
		HideSolutionNode = FALSE
	EndGlobalSection
	GlobalSection(ExtensibilityGlobals) = postSolution
		SolutionGuid = {3DBA968F-467E-4745-BE87-5692C0353BB3}
	EndGlobalSection
EndGlobal
