
Microsoft Visual Studio Solution File, Format Version 12.00
# Visual Studio Version 16
VisualStudioVersion = 16.0.29001.49
MinimumVisualStudioVersion = 10.0.40219.1
Project("{FAE04EC0-301F-11D3-BF4B-00C04F79EFBC}") = "If Else Switch Case", "If Else Switch Case.csproj", "{1CA71405-AEB0-4245-95F9-6C70DED7AC42}"
EndProject
Global
	GlobalSection(SolutionConfigurationPlatforms) = preSolution
		Debug|Any CPU = Debug|Any CPU
		Release|Any CPU = Release|Any CPU
	EndGlobalSection
	GlobalSection(ProjectConfigurationPlatforms) = postSolution
		{1CA71405-AEB0-4245-95F9-6C70DED7AC42}.Debug|Any CPU.ActiveCfg = Debug|Any CPU
		{1CA71405-AEB0-4245-95F9-6C70DED7AC42}.Debug|Any CPU.Build.0 = Debug|Any CPU
		{1CA71405-AEB0-4245-95F9-6C70DED7AC42}.Release|Any CPU.ActiveCfg = Release|Any CPU
		{1CA71405-AEB0-4245-95F9-6C70DED7AC42}.Release|Any CPU.Build.0 = Release|Any CPU
	EndGlobalSection
	GlobalSection(SolutionProperties) = preSolution
		HideSolutionNode = FALSE
	EndGlobalSection
	GlobalSection(ExtensibilityGlobals) = postSolution
		SolutionGuid = {8244C3C4-0F81-4545-A037-A30861984022}
	EndGlobalSection
EndGlobal
