
Microsoft Visual Studio Solution File, Format Version 12.00
# Visual Studio Version 16
VisualStudioVersion = 16.0.29009.5
MinimumVisualStudioVersion = 10.0.40219.1
Project("{FAE04EC0-301F-11D3-BF4B-00C04F79EFBC}") = "Lemberg test", "Lemberg test.csproj", "{4DA9BB41-513A-4B95-8912-13DB0231F8AE}"
EndProject
Global
	GlobalSection(SolutionConfigurationPlatforms) = preSolution
		Debug|Any CPU = Debug|Any CPU
		Release|Any CPU = Release|Any CPU
	EndGlobalSection
	GlobalSection(ProjectConfigurationPlatforms) = postSolution
		{4DA9BB41-513A-4B95-8912-13DB0231F8AE}.Debug|Any CPU.ActiveCfg = Debug|Any CPU
		{4DA9BB41-513A-4B95-8912-13DB0231F8AE}.Debug|Any CPU.Build.0 = Debug|Any CPU
		{4DA9BB41-513A-4B95-8912-13DB0231F8AE}.Release|Any CPU.ActiveCfg = Release|Any CPU
		{4DA9BB41-513A-4B95-8912-13DB0231F8AE}.Release|Any CPU.Build.0 = Release|Any CPU
	EndGlobalSection
	GlobalSection(SolutionProperties) = preSolution
		HideSolutionNode = FALSE
	EndGlobalSection
	GlobalSection(ExtensibilityGlobals) = postSolution
		SolutionGuid = {4D6A85F4-AFB1-4424-BECA-B8F382333221}
	EndGlobalSection
EndGlobal
