
Microsoft Visual Studio Solution File, Format Version 12.00
# Visual Studio Version 16
VisualStudioVersion = 16.0.29009.5
MinimumVisualStudioVersion = 10.0.40219.1
Project("{FAE04EC0-301F-11D3-BF4B-00C04F79EFBC}") = "exercise - 3 smallest ints from 5 or more", "exercise - 3 smallest ints from 5 or more.csproj", "{5869D6EC-76C9-4072-976F-CD3253955518}"
EndProject
Global
	GlobalSection(SolutionConfigurationPlatforms) = preSolution
		Debug|Any CPU = Debug|Any CPU
		Release|Any CPU = Release|Any CPU
	EndGlobalSection
	GlobalSection(ProjectConfigurationPlatforms) = postSolution
		{5869D6EC-76C9-4072-976F-CD3253955518}.Debug|Any CPU.ActiveCfg = Debug|Any CPU
		{5869D6EC-76C9-4072-976F-CD3253955518}.Debug|Any CPU.Build.0 = Debug|Any CPU
		{5869D6EC-76C9-4072-976F-CD3253955518}.Release|Any CPU.ActiveCfg = Release|Any CPU
		{5869D6EC-76C9-4072-976F-CD3253955518}.Release|Any CPU.Build.0 = Release|Any CPU
	EndGlobalSection
	GlobalSection(SolutionProperties) = preSolution
		HideSolutionNode = FALSE
	EndGlobalSection
	GlobalSection(ExtensibilityGlobals) = postSolution
		SolutionGuid = {A159CC62-2D18-4ACB-B407-40427DFD2D5A}
	EndGlobalSection
EndGlobal
