
Microsoft Visual Studio Solution File, Format Version 12.00
# Visual Studio Version 16
VisualStudioVersion = 16.0.29009.5
MinimumVisualStudioVersion = 10.0.40219.1
Project("{FAE04EC0-301F-11D3-BF4B-00C04F79EFBC}") = "Lemberg - Chars", "Lemberg - Chars.csproj", "{F493CEEA-B857-4E56-AE56-8647592B4980}"
EndProject
Global
	GlobalSection(SolutionConfigurationPlatforms) = preSolution
		Debug|Any CPU = Debug|Any CPU
		Release|Any CPU = Release|Any CPU
	EndGlobalSection
	GlobalSection(ProjectConfigurationPlatforms) = postSolution
		{F493CEEA-B857-4E56-AE56-8647592B4980}.Debug|Any CPU.ActiveCfg = Debug|Any CPU
		{F493CEEA-B857-4E56-AE56-8647592B4980}.Debug|Any CPU.Build.0 = Debug|Any CPU
		{F493CEEA-B857-4E56-AE56-8647592B4980}.Release|Any CPU.ActiveCfg = Release|Any CPU
		{F493CEEA-B857-4E56-AE56-8647592B4980}.Release|Any CPU.Build.0 = Release|Any CPU
	EndGlobalSection
	GlobalSection(SolutionProperties) = preSolution
		HideSolutionNode = FALSE
	EndGlobalSection
	GlobalSection(ExtensibilityGlobals) = postSolution
		SolutionGuid = {E5837894-7B03-4198-8C32-1F8B3F7FDBF8}
	EndGlobalSection
EndGlobal
