
Microsoft Visual Studio Solution File, Format Version 12.00
# Visual Studio Version 16
VisualStudioVersion = 16.0.29001.49
MinimumVisualStudioVersion = 10.0.40219.1
Project("{FAE04EC0-301F-11D3-BF4B-00C04F79EFBC}") = "Exercise 2 - maximum between 2 ints", "Exercise 2 - maximum between 2 ints.csproj", "{71275A9E-8F4A-4697-8629-0D06712CFA5F}"
EndProject
Global
	GlobalSection(SolutionConfigurationPlatforms) = preSolution
		Debug|Any CPU = Debug|Any CPU
		Release|Any CPU = Release|Any CPU
	EndGlobalSection
	GlobalSection(ProjectConfigurationPlatforms) = postSolution
		{71275A9E-8F4A-4697-8629-0D06712CFA5F}.Debug|Any CPU.ActiveCfg = Debug|Any CPU
		{71275A9E-8F4A-4697-8629-0D06712CFA5F}.Debug|Any CPU.Build.0 = Debug|Any CPU
		{71275A9E-8F4A-4697-8629-0D06712CFA5F}.Release|Any CPU.ActiveCfg = Release|Any CPU
		{71275A9E-8F4A-4697-8629-0D06712CFA5F}.Release|Any CPU.Build.0 = Release|Any CPU
	EndGlobalSection
	GlobalSection(SolutionProperties) = preSolution
		HideSolutionNode = FALSE
	EndGlobalSection
	GlobalSection(ExtensibilityGlobals) = postSolution
		SolutionGuid = {7266A7E7-1CC5-4964-BFE6-9DDA4B94264A}
	EndGlobalSection
EndGlobal
