
Microsoft Visual Studio Solution File, Format Version 12.00
# Visual Studio Version 16
VisualStudioVersion = 16.0.29001.49
MinimumVisualStudioVersion = 10.0.40219.1
Project("{FAE04EC0-301F-11D3-BF4B-00C04F79EFBC}") = "Exercise 1 - 10 to 10 int", "Exercise 1 - 10 to 10 int.csproj", "{BA9F8D1C-1B20-4BA7-8FA7-603E7D6B804E}"
EndProject
Global
	GlobalSection(SolutionConfigurationPlatforms) = preSolution
		Debug|Any CPU = Debug|Any CPU
		Release|Any CPU = Release|Any CPU
	EndGlobalSection
	GlobalSection(ProjectConfigurationPlatforms) = postSolution
		{BA9F8D1C-1B20-4BA7-8FA7-603E7D6B804E}.Debug|Any CPU.ActiveCfg = Debug|Any CPU
		{BA9F8D1C-1B20-4BA7-8FA7-603E7D6B804E}.Debug|Any CPU.Build.0 = Debug|Any CPU
		{BA9F8D1C-1B20-4BA7-8FA7-603E7D6B804E}.Release|Any CPU.ActiveCfg = Release|Any CPU
		{BA9F8D1C-1B20-4BA7-8FA7-603E7D6B804E}.Release|Any CPU.Build.0 = Release|Any CPU
	EndGlobalSection
	GlobalSection(SolutionProperties) = preSolution
		HideSolutionNode = FALSE
	EndGlobalSection
	GlobalSection(ExtensibilityGlobals) = postSolution
		SolutionGuid = {7B7ECDAB-BC98-4F84-A983-81CA48C4B89C}
	EndGlobalSection
EndGlobal
